
Microsoft Visual Studio Solution File, Format Version 12.00
# Visual Studio 15
Project("{FAE04EC0-301F-11D3-BF4B-00C04F79EFBC}") = "StudyFinderAPI", "StudyFinderAPI\StudyFinderAPI.csproj", "{47C400D4-0C14-4A19-B406-F1858D1AF01C}"
EndProject
Global
	GlobalSection(SolutionConfigurationPlatforms) = preSolution
		Debug|Any CPU = Debug|Any CPU
		Release|Any CPU = Release|Any CPU
	EndGlobalSection
	GlobalSection(ProjectConfigurationPlatforms) = postSolution
		{47C400D4-0C14-4A19-B406-F1858D1AF01C}.Debug|Any CPU.ActiveCfg = Debug|Any CPU
		{47C400D4-0C14-4A19-B406-F1858D1AF01C}.Debug|Any CPU.Build.0 = Debug|Any CPU
		{47C400D4-0C14-4A19-B406-F1858D1AF01C}.Release|Any CPU.ActiveCfg = Release|Any CPU
		{47C400D4-0C14-4A19-B406-F1858D1AF01C}.Release|Any CPU.Build.0 = Release|Any CPU
	EndGlobalSection
EndGlobal
